<?xml version="1.0" encoding="utf-8"?>
<Project ToolsVersion="4.0" xmlns="http://schemas.microsoft.com/developer/msbuild/2003">
  <ItemGroup>
    <Filter Include="Source Files">
      <UniqueIdentifier>{4FC737F1-C7A5-4376-A066-2A32D752A2FF}</UniqueIdentifier>
      <Extensions>cpp;c;cc;cxx;c++;cppm;ixx;def;odl;idl;hpj;bat;asm;asmx</Extensions>
    </Filter>
    <Filter Include="Header Files">
      <UniqueIdentifier>{93995380-89BD-4b04-88EB-625FBE52EBFB}</UniqueIdentifier>
      <Extensions>h;hh;hpp;hxx;h++;hm;inl;inc;ipp;xsd</Extensions>
    </Filter>
    <Filter Include="Resource Files">
      <UniqueIdentifier>{67DA6AB6-F800-4c08-8B7A-83BB121AAD01}</UniqueIdentifier>
      <Extensions>rc;ico;cur;bmp;dlg;rc2;rct;bin;rgs;gif;jpg;jpeg;jpe;resx;tiff;tif;png;wav;mfcribbon-ms</Extensions>
    </Filter>
    <Filter Include="Header Files\_lib">
      <UniqueIdentifier>{0d71de8e-9973-451e-a29e-176c4160c786}</UniqueIdentifier>
    </Filter>
    <Filter Include="Header Files\game">
      <UniqueIdentifier>{87b8be8d-d316-4110-935c-210cfc8f5c8f}</UniqueIdentifier>
    </Filter>
    <Filter Include="Source Files\game">
      <UniqueIdentifier>{e01e3161-5956-4d87-bebd-69c317d58bc1}</UniqueIdentifier>
    </Filter>
    <Filter Include="Source Files\SDK">
      <UniqueIdentifier>{556ac760-d5d3-4e78-b80b-e0ab23f0c125}</UniqueIdentifier>
    </Filter>
  </ItemGroup>
  <ItemGroup>
    <ClInclude Include="koukku.h">
      <Filter>Header Files\_lib</Filter>
    </ClInclude>
    <ClInclude Include="pch.h">
      <Filter>Header Files\_lib</Filter>
    </ClInclude>
    <ClInclude Include="framework.h">
      <Filter>Header Files\_lib</Filter>
    </ClInclude>
    <ClInclude Include="g_offsets.h">
      <Filter>Header Files\game</Filter>
    </ClInclude>
    <ClInclude Include="g_test.h">
      <Filter>Source Files\game</Filter>
    </ClInclude>
    <ClInclude Include="g_entrypoint.h">
      <Filter>Source Files\game</Filter>
    </ClInclude>
    <ClInclude Include="sdk.h">
      <Filter>Source Files\SDK</Filter>
    </ClInclude>
    <ClInclude Include="g_objects.h">
      <Filter>Header Files\game</Filter>
    </ClInclude>
  </ItemGroup>
  <ItemGroup>
    <ClCompile Include="dllmain.cpp">
      <Filter>Source Files</Filter>
    </ClCompile>
    <ClCompile Include="pch.cpp">
      <Filter>Source Files</Filter>
    </ClCompile>
    <ClCompile Include="koukku.cpp">
      <Filter>Header Files\_lib</Filter>
    </ClCompile>
    <ClCompile Include="g_test.cpp">
      <Filter>Source Files\game</Filter>
    </ClCompile>
    <ClCompile Include="g_entrypoint.cpp">
      <Filter>Source Files\game</Filter>
    </ClCompile>
    <ClCompile Include="sdk.cpp">
      <Filter>Source Files\SDK</Filter>
    </ClCompile>
  </ItemGroup>
</Project>