<?xml version="1.0" encoding="utf-8"?>
<Project ToolsVersion="4.0" xmlns="http://schemas.microsoft.com/developer/msbuild/2003">
  <ItemGroup>
    <Filter Include="Source Files">
      <UniqueIdentifier>{4FC737F1-C7A5-4376-A066-2A32D752A2FF}</UniqueIdentifier>
      <Extensions>cpp;c;cc;cxx;c++;cppm;ixx;def;odl;idl;hpj;bat;asm;asmx</Extensions>
    </Filter>
    <Filter Include="Header Files">
      <UniqueIdentifier>{93995380-89BD-4b04-88EB-625FBE52EBFB}</UniqueIdentifier>
      <Extensions>h;hh;hpp;hxx;h++;hm;inl;inc;ipp;xsd</Extensions>
    </Filter>
    <Filter Include="Resource Files">
      <UniqueIdentifier>{67DA6AB6-F800-4c08-8B7A-83BB121AAD01}</UniqueIdentifier>
      <Extensions>rc;ico;cur;bmp;dlg;rc2;rct;bin;rgs;gif;jpg;jpeg;jpe;resx;tiff;tif;png;wav;mfcribbon-ms</Extensions>
    </Filter>
    <Filter Include="Header Files\_lib">
      <UniqueIdentifier>{0d71de8e-9973-451e-a29e-176c4160c786}</UniqueIdentifier>
    </Filter>
    <Filter Include="Header Files\game">
      <UniqueIdentifier>{87b8be8d-d316-4110-935c-210cfc8f5c8f}</UniqueIdentifier>
    </Filter>
    <Filter Include="Source Files\game">
      <UniqueIdentifier>{e01e3161-5956-4d87-bebd-69c317d58bc1}</UniqueIdentifier>
    </Filter>
    <Filter Include="Header Files\_lib\detours">
      <UniqueIdentifier>{4d45d4a7-9aca-4f88-8f60-c0413322a647}</UniqueIdentifier>
    </Filter>
    <Filter Include="Source Files\render">
      <UniqueIdentifier>{7ac60eeb-c761-4755-a1e6-14f64c259974}</UniqueIdentifier>
    </Filter>
    <Filter Include="Header Files\_lib\imgui">
      <UniqueIdentifier>{e69640b1-1548-419f-8da1-0659c3dd6de8}</UniqueIdentifier>
    </Filter>
    <Filter Include="Source Files\fs">
      <UniqueIdentifier>{69c1199e-f11e-41b5-be43-b3e11f751eb9}</UniqueIdentifier>
    </Filter>
    <Filter Include="Source Files\fs\evar">
      <UniqueIdentifier>{1960d35b-9401-44d6-b9ee-3d59c4cc8cf3}</UniqueIdentifier>
    </Filter>
    <Filter Include="Source Files\render\utils">
      <UniqueIdentifier>{7fa7af37-16a1-48b2-a3c9-193048874001}</UniqueIdentifier>
    </Filter>
    <Filter Include="Source Files\math">
      <UniqueIdentifier>{c4911f4c-ceef-49ba-8162-3f2a224b6e1d}</UniqueIdentifier>
    </Filter>
  </ItemGroup>
  <ItemGroup>
    <ClInclude Include="koukku.h">
      <Filter>Header Files\_lib</Filter>
    </ClInclude>
    <ClInclude Include="pch.h">
      <Filter>Header Files\_lib</Filter>
    </ClInclude>
    <ClInclude Include="framework.h">
      <Filter>Header Files\_lib</Filter>
    </ClInclude>
    <ClInclude Include="g_offsets.h">
      <Filter>Header Files\game</Filter>
    </ClInclude>
    <ClInclude Include="g_main.h">
      <Filter>Source Files\game</Filter>
    </ClInclude>
    <ClInclude Include="g_entrypoint.h">
      <Filter>Source Files\game</Filter>
    </ClInclude>
    <ClInclude Include="g_objects.h">
      <Filter>Header Files\game</Filter>
    </ClInclude>
    <ClInclude Include="detours\detours.h">
      <Filter>Header Files\_lib\detours</Filter>
    </ClInclude>
    <ClInclude Include="r_init.h">
      <Filter>Source Files\render</Filter>
    </ClInclude>
    <ClInclude Include="g_playercontroller.h">
      <Filter>Source Files\game</Filter>
    </ClInclude>
    <ClInclude Include="r_ui.h">
      <Filter>Source Files\render</Filter>
    </ClInclude>
    <ClInclude Include="evar_config.h">
      <Filter>Source Files\fs\evar</Filter>
    </ClInclude>
    <ClInclude Include="evar.h">
      <Filter>Source Files\fs\evar</Filter>
    </ClInclude>
    <ClInclude Include="fs_funcs.h">
      <Filter>Source Files\fs</Filter>
    </ClInclude>
    <ClInclude Include="dyn_vars.h">
      <Filter>Source Files\fs\evar</Filter>
    </ClInclude>
    <ClInclude Include="r_utils.h">
      <Filter>Source Files\render\utils</Filter>
    </ClInclude>
    <ClInclude Include="u_objects.h">
      <Filter>Header Files\game</Filter>
    </ClInclude>
    <ClInclude Include="ImGui\imgui_impl_dx11.h">
      <Filter>Header Files\_lib\imgui</Filter>
    </ClInclude>
    <ClInclude Include="ImGui\imgui_impl_win32.h">
      <Filter>Header Files\_lib\imgui</Filter>
    </ClInclude>
    <ClInclude Include="ImGui\imgui_internal.h">
      <Filter>Header Files\_lib\imgui</Filter>
    </ClInclude>
    <ClInclude Include="ImGui\imstb_rectpack.h">
      <Filter>Header Files\_lib\imgui</Filter>
    </ClInclude>
    <ClInclude Include="ImGui\imstb_textedit.h">
      <Filter>Header Files\_lib\imgui</Filter>
    </ClInclude>
    <ClInclude Include="ImGui\imstb_truetype.h">
      <Filter>Header Files\_lib\imgui</Filter>
    </ClInclude>
    <ClInclude Include="ImGui\imconfig.h">
      <Filter>Header Files\_lib\imgui</Filter>
    </ClInclude>
    <ClInclude Include="ImGui\imgui.h">
      <Filter>Header Files\_lib\imgui</Filter>
    </ClInclude>
    <ClInclude Include="matrix.h">
      <Filter>Source Files\math</Filter>
    </ClInclude>
    <ClInclude Include="vector.h">
      <Filter>Source Files\math</Filter>
    </ClInclude>
    <ClInclude Include="math.h">
      <Filter>Source Files\math</Filter>
    </ClInclude>
    <ClInclude Include="g_gameobject.h">
      <Filter>Source Files\game</Filter>
    </ClInclude>
  </ItemGroup>
  <ItemGroup>
    <ClCompile Include="dllmain.cpp">
      <Filter>Source Files</Filter>
    </ClCompile>
    <ClCompile Include="pch.cpp">
      <Filter>Source Files</Filter>
    </ClCompile>
    <ClCompile Include="koukku.cpp">
      <Filter>Header Files\_lib</Filter>
    </ClCompile>
    <ClCompile Include="g_main.cpp">
      <Filter>Source Files\game</Filter>
    </ClCompile>
    <ClCompile Include="g_entrypoint.cpp">
      <Filter>Source Files\game</Filter>
    </ClCompile>
    <ClCompile Include="r_init.cpp">
      <Filter>Source Files\render</Filter>
    </ClCompile>
    <ClCompile Include="g_playercontroller.cpp">
      <Filter>Source Files\game</Filter>
    </ClCompile>
    <ClCompile Include="r_draw.cpp">
      <Filter>Source Files\render</Filter>
    </ClCompile>
    <ClCompile Include="r_ui.cpp">
      <Filter>Source Files\render</Filter>
    </ClCompile>
    <ClCompile Include="evar_config.cpp">
      <Filter>Source Files\fs\evar</Filter>
    </ClCompile>
    <ClCompile Include="evar.cpp">
      <Filter>Source Files\fs\evar</Filter>
    </ClCompile>
    <ClCompile Include="fs_funcs.cpp">
      <Filter>Source Files\fs</Filter>
    </ClCompile>
    <ClCompile Include="r_utils.cpp">
      <Filter>Source Files\render\utils</Filter>
    </ClCompile>
    <ClCompile Include="ImGui\imgui_demo.cpp">
      <Filter>Header Files\_lib\imgui</Filter>
    </ClCompile>
    <ClCompile Include="ImGui\imgui_draw.cpp">
      <Filter>Header Files\_lib\imgui</Filter>
    </ClCompile>
    <ClCompile Include="ImGui\imgui_impl_dx11.cpp">
      <Filter>Header Files\_lib\imgui</Filter>
    </ClCompile>
    <ClCompile Include="ImGui\imgui_impl_win32.cpp">
      <Filter>Header Files\_lib\imgui</Filter>
    </ClCompile>
    <ClCompile Include="ImGui\imgui_tables.cpp">
      <Filter>Header Files\_lib\imgui</Filter>
    </ClCompile>
    <ClCompile Include="ImGui\imgui_widgets.cpp">
      <Filter>Header Files\_lib\imgui</Filter>
    </ClCompile>
    <ClCompile Include="ImGui\imgui.cpp">
      <Filter>Header Files\_lib\imgui</Filter>
    </ClCompile>
    <ClCompile Include="matrix.cpp">
      <Filter>Source Files\math</Filter>
    </ClCompile>
    <ClCompile Include="vector.cpp">
      <Filter>Source Files\math</Filter>
    </ClCompile>
    <ClCompile Include="math.cpp">
      <Filter>Source Files\math</Filter>
    </ClCompile>
    <ClCompile Include="g_gameobject.cpp">
      <Filter>Source Files\game</Filter>
    </ClCompile>
  </ItemGroup>
  <ItemGroup>
    <Library Include="detours\detours.lib">
      <Filter>Header Files\_lib\detours</Filter>
    </Library>
  </ItemGroup>
</Project>